
Microsoft Visual Studio Solution File, Format Version 12.00
# Visual Studio Version 16
VisualStudioVersion = 16.0.32002.261
MinimumVisualStudioVersion = 10.0.40219.1
Project("{888888A0-9F3D-457C-B088-3A5042F75D52}") = "SoutherLincChallenge", "SoutherLincChallenge\SoutherLincChallenge.pyproj", "{6C7234A1-E76C-4254-8825-533E5C8BDB60}"
EndProject
Global
	GlobalSection(SolutionConfigurationPlatforms) = preSolution
		Debug|Any CPU = Debug|Any CPU
		Release|Any CPU = Release|Any CPU
	EndGlobalSection
	GlobalSection(ProjectConfigurationPlatforms) = postSolution
		{6C7234A1-E76C-4254-8825-533E5C8BDB60}.Debug|Any CPU.ActiveCfg = Debug|Any CPU
		{6C7234A1-E76C-4254-8825-533E5C8BDB60}.Release|Any CPU.ActiveCfg = Release|Any CPU
	EndGlobalSection
	GlobalSection(SolutionProperties) = preSolution
		HideSolutionNode = FALSE
	EndGlobalSection
	GlobalSection(ExtensibilityGlobals) = postSolution
		SolutionGuid = {6208268A-1338-4E45-9749-EE095130235A}
	EndGlobalSection
EndGlobal
